// !$*UTF8*$!
{
	archiveVersion = 1;
	classes = {
	};
	objectVersion = 46;
	objects = {

/* Begin PBXBuildFile section */
		7383C6C91D592FCA001BD910 /* AppDelegate.swift in Sources */ = {isa = PBXBuildFile; fileRef = 7383C6B51D592FCA001BD910 /* AppDelegate.swift */; };
		7383C6CA1D592FCA001BD910 /* BackgroundView.swift in Sources */ = {isa = PBXBuildFile; fileRef = 7383C6B61D592FCA001BD910 /* BackgroundView.swift */; };
		7383C6CB1D592FCA001BD910 /* LaunchScreen.xib in Resources */ = {isa = PBXBuildFile; fileRef = 7383C6B81D592FCA001BD910 /* LaunchScreen.xib */; };
		7383C6CC1D592FCA001BD910 /* Main.storyboard in Resources */ = {isa = PBXBuildFile; fileRef = 7383C6BA1D592FCA001BD910 /* Main.storyboard */; };
		7383C6CD1D592FCA001BD910 /* CurrentWeather.plist in Resources */ = {isa = PBXBuildFile; fileRef = 7383C6BC1D592FCA001BD910 /* CurrentWeather.plist */; };
		7383C6CE1D592FCA001BD910 /* CurrentWeather.swift in Sources */ = {isa = PBXBuildFile; fileRef = 7383C6BD1D592FCA001BD910 /* CurrentWeather.swift */; };
		7383C6CF1D592FCA001BD910 /* DailyWeather.swift in Sources */ = {isa = PBXBuildFile; fileRef = 7383C6BE1D592FCA001BD910 /* DailyWeather.swift */; };
		7383C6D01D592FCA001BD910 /* DailyWeatherTableViewCell.swift in Sources */ = {isa = PBXBuildFile; fileRef = 7383C6BF1D592FCA001BD910 /* DailyWeatherTableViewCell.swift */; };
		7383C6D11D592FCA001BD910 /* DetailBackgroundView.swift in Sources */ = {isa = PBXBuildFile; fileRef = 7383C6C01D592FCA001BD910 /* DetailBackgroundView.swift */; };
		7383C6D21D592FCA001BD910 /* Forecast.swift in Sources */ = {isa = PBXBuildFile; fileRef = 7383C6C11D592FCA001BD910 /* Forecast.swift */; };
		7383C6D31D592FCA001BD910 /* ForecastService.swift in Sources */ = {isa = PBXBuildFile; fileRef = 7383C6C21D592FCA001BD910 /* ForecastService.swift */; };
		7383C6D41D592FCA001BD910 /* Icon.swift in Sources */ = {isa = PBXBuildFile; fileRef = 7383C6C31D592FCA001BD910 /* Icon.swift */; };
		7383C6D51D592FCA001BD910 /* Images.xcassets in Resources */ = {isa = PBXBuildFile; fileRef = 7383C6C41D592FCA001BD910 /* Images.xcassets */; };
		7383C6D71D592FCA001BD910 /* NetworkOperation.swift in Sources */ = {isa = PBXBuildFile; fileRef = 7383C6C61D592FCA001BD910 /* NetworkOperation.swift */; };
		7383C6D81D592FCA001BD910 /* ViewController.swift in Sources */ = {isa = PBXBuildFile; fileRef = 7383C6C71D592FCA001BD910 /* ViewController.swift */; };
		7383C6D91D592FCA001BD910 /* WeeklyTableViewController.swift in Sources */ = {isa = PBXBuildFile; fileRef = 7383C6C81D592FCA001BD910 /* WeeklyTableViewController.swift */; };
		7383C6DC1D592FE6001BD910 /* AustinWeather.swift in Sources */ = {isa = PBXBuildFile; fileRef = 7383C6DA1D592FE6001BD910 /* AustinWeather.swift */; };
		7383C6DD1D592FE6001BD910 /* Info.plist in Resources */ = {isa = PBXBuildFile; fileRef = 7383C6DB1D592FE6001BD910 /* Info.plist */; };
		73ED129F1D59338E00B581D1 /* Default-568h@2x.png in Resources */ = {isa = PBXBuildFile; fileRef = 73ED129E1D59338E00B581D1 /* Default-568h@2x.png */; };
/* End PBXBuildFile section */

/* Begin PBXContainerItemProxy section */
		97EBEE5F1B027B830055F957 /* PBXContainerItemProxy */ = {
			isa = PBXContainerItemProxy;
			containerPortal = 97EBEE411B027B820055F957 /* Project object */;
			proxyType = 1;
			remoteGlobalIDString = 97EBEE481B027B820055F957;
			remoteInfo = Stormy;
		};
/* End PBXContainerItemProxy section */

/* Begin PBXFileReference section */
		7306D0021D59208F005C9C18 /* AustinWeather.app */ = {isa = PBXFileReference; explicitFileType = wrapper.application; includeInIndex = 0; path = AustinWeather.app; sourceTree = BUILT_PRODUCTS_DIR; };
		7306D0031D59208F005C9C18 /* AustinWeather.xctest */ = {isa = PBXFileReference; explicitFileType = wrapper.cfbundle; includeInIndex = 0; path = AustinWeather.xctest; sourceTree = BUILT_PRODUCTS_DIR; };
		7383C6B51D592FCA001BD910 /* AppDelegate.swift */ = {isa = PBXFileReference; fileEncoding = 4; lastKnownFileType = sourcecode.swift; path = AppDelegate.swift; sourceTree = "<group>"; };
		7383C6B61D592FCA001BD910 /* BackgroundView.swift */ = {isa = PBXFileReference; fileEncoding = 4; lastKnownFileType = sourcecode.swift; path = BackgroundView.swift; sourceTree = "<group>"; };
		7383C6B91D592FCA001BD910 /* Base */ = {isa = PBXFileReference; lastKnownFileType = file.xib; name = Base; path = LaunchScreen.xib; sourceTree = "<group>"; };
		7383C6BB1D592FCA001BD910 /* Base */ = {isa = PBXFileReference; lastKnownFileType = file.storyboard; name = Base; path = Main.storyboard; sourceTree = "<group>"; };
		7383C6BC1D592FCA001BD910 /* CurrentWeather.plist */ = {isa = PBXFileReference; fileEncoding = 4; lastKnownFileType = text.plist.xml; path = CurrentWeather.plist; sourceTree = "<group>"; };
		7383C6BD1D592FCA001BD910 /* CurrentWeather.swift */ = {isa = PBXFileReference; fileEncoding = 4; lastKnownFileType = sourcecode.swift; path = CurrentWeather.swift; sourceTree = "<group>"; };
		7383C6BE1D592FCA001BD910 /* DailyWeather.swift */ = {isa = PBXFileReference; fileEncoding = 4; lastKnownFileType = sourcecode.swift; path = DailyWeather.swift; sourceTree = "<group>"; };
		7383C6BF1D592FCA001BD910 /* DailyWeatherTableViewCell.swift */ = {isa = PBXFileReference; fileEncoding = 4; lastKnownFileType = sourcecode.swift; path = DailyWeatherTableViewCell.swift; sourceTree = "<group>"; };
		7383C6C01D592FCA001BD910 /* DetailBackgroundView.swift */ = {isa = PBXFileReference; fileEncoding = 4; lastKnownFileType = sourcecode.swift; path = DetailBackgroundView.swift; sourceTree = "<group>"; };
		7383C6C11D592FCA001BD910 /* Forecast.swift */ = {isa = PBXFileReference; fileEncoding = 4; lastKnownFileType = sourcecode.swift; path = Forecast.swift; sourceTree = "<group>"; };
		7383C6C21D592FCA001BD910 /* ForecastService.swift */ = {isa = PBXFileReference; fileEncoding = 4; lastKnownFileType = sourcecode.swift; path = ForecastService.swift; sourceTree = "<group>"; };
		7383C6C31D592FCA001BD910 /* Icon.swift */ = {isa = PBXFileReference; fileEncoding = 4; lastKnownFileType = sourcecode.swift; path = Icon.swift; sourceTree = "<group>"; };
		7383C6C41D592FCA001BD910 /* Images.xcassets */ = {isa = PBXFileReference; lastKnownFileType = folder.assetcatalog; path = Images.xcassets; sourceTree = "<group>"; };
		7383C6C51D592FCA001BD910 /* Info.plist */ = {isa = PBXFileReference; fileEncoding = 4; lastKnownFileType = text.plist.xml; path = Info.plist; sourceTree = "<group>"; };
		7383C6C61D592FCA001BD910 /* NetworkOperation.swift */ = {isa = PBXFileReference; fileEncoding = 4; lastKnownFileType = sourcecode.swift; path = NetworkOperation.swift; sourceTree = "<group>"; };
		7383C6C71D592FCA001BD910 /* ViewController.swift */ = {isa = PBXFileReference; fileEncoding = 4; lastKnownFileType = sourcecode.swift; path = ViewController.swift; sourceTree = "<group>"; };
		7383C6C81D592FCA001BD910 /* WeeklyTableViewController.swift */ = {isa = PBXFileReference; fileEncoding = 4; lastKnownFileType = sourcecode.swift; path = WeeklyTableViewController.swift; sourceTree = "<group>"; };
		7383C6DA1D592FE6001BD910 /* AustinWeather.swift */ = {isa = PBXFileReference; fileEncoding = 4; lastKnownFileType = sourcecode.swift; path = AustinWeather.swift; sourceTree = "<group>"; };
		7383C6DB1D592FE6001BD910 /* Info.plist */ = {isa = PBXFileReference; fileEncoding = 4; lastKnownFileType = text.plist.xml; path = Info.plist; sourceTree = "<group>"; };
		73ED129E1D59338E00B581D1 /* Default-568h@2x.png */ = {isa = PBXFileReference; lastKnownFileType = image.png; path = "Default-568h@2x.png"; sourceTree = "<group>"; };
/* End PBXFileReference section */

/* Begin PBXFrameworksBuildPhase section */
		97EBEE461B027B820055F957 /* Frameworks */ = {
			isa = PBXFrameworksBuildPhase;
			buildActionMask = 2147483647;
			files = (
			);
			runOnlyForDeploymentPostprocessing = 0;
		};
		97EBEE5B1B027B830055F957 /* Frameworks */ = {
			isa = PBXFrameworksBuildPhase;
			buildActionMask = 2147483647;
			files = (
			);
			runOnlyForDeploymentPostprocessing = 0;
		};
/* End PBXFrameworksBuildPhase section */

/* Begin PBXGroup section */
		7355577C1D59258900E4EB9D /* Products */ = {
			isa = PBXGroup;
			children = (
				7306D0021D59208F005C9C18 /* AustinWeather.app */,
				7306D0031D59208F005C9C18 /* AustinWeather.xctest */,
			);
			name = Products;
			sourceTree = "<group>";
		};
		7383C6B71D592FCA001BD910 /* Base.lproj */ = {
			isa = PBXGroup;
			children = (
				7383C6B81D592FCA001BD910 /* LaunchScreen.xib */,
				7383C6BA1D592FCA001BD910 /* Main.storyboard */,
			);
			path = Base.lproj;
			sourceTree = "<group>";
		};
		73CAC6BA1D591E560026BAB5 /* AustinWeather */ = {
			isa = PBXGroup;
			children = (
				7383C6B51D592FCA001BD910 /* AppDelegate.swift */,
				7383C6B61D592FCA001BD910 /* BackgroundView.swift */,
				7383C6B71D592FCA001BD910 /* Base.lproj */,
				7383C6BC1D592FCA001BD910 /* CurrentWeather.plist */,
				7383C6BD1D592FCA001BD910 /* CurrentWeather.swift */,
				7383C6BE1D592FCA001BD910 /* DailyWeather.swift */,
				7383C6BF1D592FCA001BD910 /* DailyWeatherTableViewCell.swift */,
				7383C6C01D592FCA001BD910 /* DetailBackgroundView.swift */,
				7383C6C11D592FCA001BD910 /* Forecast.swift */,
				7383C6C21D592FCA001BD910 /* ForecastService.swift */,
				7383C6C31D592FCA001BD910 /* Icon.swift */,
				7383C6C41D592FCA001BD910 /* Images.xcassets */,
				7383C6C51D592FCA001BD910 /* Info.plist */,
				7383C6C61D592FCA001BD910 /* NetworkOperation.swift */,
				7383C6C71D592FCA001BD910 /* ViewController.swift */,
				7383C6C81D592FCA001BD910 /* WeeklyTableViewController.swift */,
			);
			path = AustinWeather;
			sourceTree = "<group>";
		};
		73CAC6DF1D591E670026BAB5 /* AustinWeatherTests */ = {
			isa = PBXGroup;
			children = (
				7383C6DA1D592FE6001BD910 /* AustinWeather.swift */,
				7383C6DB1D592FE6001BD910 /* Info.plist */,
			);
			path = AustinWeatherTests;
			sourceTree = "<group>";
		};
		97EBEE401B027B820055F957 = {
			isa = PBXGroup;
			children = (
				73ED129E1D59338E00B581D1 /* Default-568h@2x.png */,
				73CAC6BA1D591E560026BAB5 /* AustinWeather */,
				73CAC6DF1D591E670026BAB5 /* AustinWeatherTests */,
				7355577C1D59258900E4EB9D /* Products */,
			);
			sourceTree = "<group>";
		};
/* End PBXGroup section */

/* Begin PBXNativeTarget section */
		97EBEE481B027B820055F957 /* AustinWeather */ = {
			isa = PBXNativeTarget;
			buildConfigurationList = 97EBEE681B027B830055F957 /* Build configuration list for PBXNativeTarget "AustinWeather" */;
			buildPhases = (
				97EBEE451B027B820055F957 /* Sources */,
				97EBEE461B027B820055F957 /* Frameworks */,
				97EBEE471B027B820055F957 /* Resources */,
			);
			buildRules = (
			);
			dependencies = (
			);
			name = AustinWeather;
			productName = Stormy;
			productReference = 7306D0021D59208F005C9C18 /* AustinWeather.app */;
			productType = "com.apple.product-type.application";
		};
		97EBEE5D1B027B830055F957 /* AustinWeatherTests */ = {
			isa = PBXNativeTarget;
			buildConfigurationList = 97EBEE6B1B027B830055F957 /* Build configuration list for PBXNativeTarget "AustinWeatherTests" */;
			buildPhases = (
				97EBEE5A1B027B830055F957 /* Sources */,
				97EBEE5B1B027B830055F957 /* Frameworks */,
				97EBEE5C1B027B830055F957 /* Resources */,
			);
			buildRules = (
			);
			dependencies = (
				97EBEE601B027B830055F957 /* PBXTargetDependency */,
			);
			name = AustinWeatherTests;
			productName = StormyTests;
			productReference = 7306D0031D59208F005C9C18 /* AustinWeather.xctest */;
			productType = "com.apple.product-type.bundle.unit-test";
		};
/* End PBXNativeTarget section */

/* Begin PBXProject section */
		97EBEE411B027B820055F957 /* Project object */ = {
			isa = PBXProject;
			attributes = {
				LastSwiftMigration = 0710;
				LastSwiftUpdateCheck = 0730;
				LastUpgradeCheck = 0820;
				ORGANIZATIONNAME = BrandonMahoney.tech;
				TargetAttributes = {
					97EBEE481B027B820055F957 = {
						CreatedOnToolsVersion = 6.3.1;
						DevelopmentTeam = B29P2M257D;
						LastSwiftMigration = 0820;
					};
					97EBEE5D1B027B830055F957 = {
						CreatedOnToolsVersion = 6.3.1;
						LastSwiftMigration = 0820;
						TestTargetID = 97EBEE481B027B820055F957;
					};
				};
			};
			buildConfigurationList = 97EBEE441B027B820055F957 /* Build configuration list for PBXProject "AustinWeather" */;
			compatibilityVersion = "Xcode 3.2";
			developmentRegion = English;
			hasScannedForEncodings = 0;
			knownRegions = (
				en,
				Base,
			);
			mainGroup = 97EBEE401B027B820055F957;
			productRefGroup = 97EBEE401B027B820055F957;
			projectDirPath = "";
			projectRoot = "";
			targets = (
				97EBEE481B027B820055F957 /* AustinWeather */,
				97EBEE5D1B027B830055F957 /* AustinWeatherTests */,
			);
		};
/* End PBXProject section */

/* Begin PBXResourcesBuildPhase section */
		97EBEE471B027B820055F957 /* Resources */ = {
			isa = PBXResourcesBuildPhase;
			buildActionMask = 2147483647;
			files = (
				7383C6D51D592FCA001BD910 /* Images.xcassets in Resources */,
				7383C6CC1D592FCA001BD910 /* Main.storyboard in Resources */,
				7383C6CD1D592FCA001BD910 /* CurrentWeather.plist in Resources */,
				7383C6CB1D592FCA001BD910 /* LaunchScreen.xib in Resources */,
				73ED129F1D59338E00B581D1 /* Default-568h@2x.png in Resources */,
			);
			runOnlyForDeploymentPostprocessing = 0;
		};
		97EBEE5C1B027B830055F957 /* Resources */ = {
			isa = PBXResourcesBuildPhase;
			buildActionMask = 2147483647;
			files = (
				7383C6DD1D592FE6001BD910 /* Info.plist in Resources */,
			);
			runOnlyForDeploymentPostprocessing = 0;
		};
/* End PBXResourcesBuildPhase section */

/* Begin PBXSourcesBuildPhase section */
		97EBEE451B027B820055F957 /* Sources */ = {
			isa = PBXSourcesBuildPhase;
			buildActionMask = 2147483647;
			files = (
				7383C6CA1D592FCA001BD910 /* BackgroundView.swift in Sources */,
				7383C6CF1D592FCA001BD910 /* DailyWeather.swift in Sources */,
				7383C6CE1D592FCA001BD910 /* CurrentWeather.swift in Sources */,
				7383C6D21D592FCA001BD910 /* Forecast.swift in Sources */,
				7383C6D81D592FCA001BD910 /* ViewController.swift in Sources */,
				7383C6D11D592FCA001BD910 /* DetailBackgroundView.swift in Sources */,
				7383C6C91D592FCA001BD910 /* AppDelegate.swift in Sources */,
				7383C6D41D592FCA001BD910 /* Icon.swift in Sources */,
				7383C6D71D592FCA001BD910 /* NetworkOperation.swift in Sources */,
				7383C6D01D592FCA001BD910 /* DailyWeatherTableViewCell.swift in Sources */,
				7383C6D91D592FCA001BD910 /* WeeklyTableViewController.swift in Sources */,
				7383C6D31D592FCA001BD910 /* ForecastService.swift in Sources */,
			);
			runOnlyForDeploymentPostprocessing = 0;
		};
		97EBEE5A1B027B830055F957 /* Sources */ = {
			isa = PBXSourcesBuildPhase;
			buildActionMask = 2147483647;
			files = (
				7383C6DC1D592FE6001BD910 /* AustinWeather.swift in Sources */,
			);
			runOnlyForDeploymentPostprocessing = 0;
		};
/* End PBXSourcesBuildPhase section */

/* Begin PBXTargetDependency section */
		97EBEE601B027B830055F957 /* PBXTargetDependency */ = {
			isa = PBXTargetDependency;
			target = 97EBEE481B027B820055F957 /* AustinWeather */;
			targetProxy = 97EBEE5F1B027B830055F957 /* PBXContainerItemProxy */;
		};
/* End PBXTargetDependency section */

/* Begin PBXVariantGroup section */
		7383C6B81D592FCA001BD910 /* LaunchScreen.xib */ = {
			isa = PBXVariantGroup;
			children = (
				7383C6B91D592FCA001BD910 /* Base */,
			);
			name = LaunchScreen.xib;
			sourceTree = "<group>";
		};
		7383C6BA1D592FCA001BD910 /* Main.storyboard */ = {
			isa = PBXVariantGroup;
			children = (
				7383C6BB1D592FCA001BD910 /* Base */,
			);
			name = Main.storyboard;
			sourceTree = "<group>";
		};
/* End PBXVariantGroup section */

/* Begin XCBuildConfiguration section */
		97EBEE661B027B830055F957 /* Debug */ = {
			isa = XCBuildConfiguration;
			buildSettings = {
				ALWAYS_SEARCH_USER_PATHS = NO;
				CLANG_CXX_LANGUAGE_STANDARD = "gnu++0x";
				CLANG_CXX_LIBRARY = "libc++";
				CLANG_ENABLE_MODULES = YES;
				CLANG_ENABLE_OBJC_ARC = YES;
				CLANG_WARN_BOOL_CONVERSION = YES;
				CLANG_WARN_CONSTANT_CONVERSION = YES;
				CLANG_WARN_DIRECT_OBJC_ISA_USAGE = YES_ERROR;
				CLANG_WARN_EMPTY_BODY = YES;
				CLANG_WARN_ENUM_CONVERSION = YES;
				CLANG_WARN_INFINITE_RECURSION = YES;
				CLANG_WARN_INT_CONVERSION = YES;
				CLANG_WARN_OBJC_ROOT_CLASS = YES_ERROR;
				CLANG_WARN_SUSPICIOUS_MOVE = YES;
				CLANG_WARN_UNREACHABLE_CODE = YES;
				CLANG_WARN__DUPLICATE_METHOD_MATCH = YES;
				"CODE_SIGN_IDENTITY[sdk=iphoneos*]" = "iPhone Developer";
				COPY_PHASE_STRIP = NO;
				DEBUG_INFORMATION_FORMAT = "dwarf-with-dsym";
				ENABLE_STRICT_OBJC_MSGSEND = YES;
				ENABLE_TESTABILITY = YES;
				GCC_C_LANGUAGE_STANDARD = gnu99;
				GCC_DYNAMIC_NO_PIC = NO;
				GCC_NO_COMMON_BLOCKS = YES;
				GCC_OPTIMIZATION_LEVEL = 0;
				GCC_PREPROCESSOR_DEFINITIONS = (
					"DEBUG=1",
					"$(inherited)",
				);
				GCC_SYMBOLS_PRIVATE_EXTERN = NO;
				GCC_WARN_64_TO_32_BIT_CONVERSION = YES;
				GCC_WARN_ABOUT_RETURN_TYPE = YES_ERROR;
				GCC_WARN_UNDECLARED_SELECTOR = YES;
				GCC_WARN_UNINITIALIZED_AUTOS = YES_AGGRESSIVE;
				GCC_WARN_UNUSED_FUNCTION = YES;
				GCC_WARN_UNUSED_VARIABLE = YES;
				IPHONEOS_DEPLOYMENT_TARGET = 8.3;
				MTL_ENABLE_DEBUG_INFO = YES;
				ONLY_ACTIVE_ARCH = YES;
				SDKROOT = iphoneos;
				SWIFT_OPTIMIZATION_LEVEL = "-Onone";
			};
			name = Debug;
		};
		97EBEE671B027B830055F957 /* Release */ = {
			isa = XCBuildConfiguration;
			buildSettings = {
				ALWAYS_SEARCH_USER_PATHS = NO;
				CLANG_CXX_LANGUAGE_STANDARD = "gnu++0x";
				CLANG_CXX_LIBRARY = "libc++";
				CLANG_ENABLE_MODULES = YES;
				CLANG_ENABLE_OBJC_ARC = YES;
				CLANG_WARN_BOOL_CONVERSION = YES;
				CLANG_WARN_CONSTANT_CONVERSION = YES;
				CLANG_WARN_DIRECT_OBJC_ISA_USAGE = YES_ERROR;
				CLANG_WARN_EMPTY_BODY = YES;
				CLANG_WARN_ENUM_CONVERSION = YES;
				CLANG_WARN_INFINITE_RECURSION = YES;
				CLANG_WARN_INT_CONVERSION = YES;
				CLANG_WARN_OBJC_ROOT_CLASS = YES_ERROR;
				CLANG_WARN_SUSPICIOUS_MOVE = YES;
				CLANG_WARN_UNREACHABLE_CODE = YES;
				CLANG_WARN__DUPLICATE_METHOD_MATCH = YES;
				"CODE_SIGN_IDENTITY[sdk=iphoneos*]" = "iPhone Developer";
				COPY_PHASE_STRIP = NO;
				DEBUG_INFORMATION_FORMAT = "dwarf-with-dsym";
				ENABLE_NS_ASSERTIONS = NO;
				ENABLE_STRICT_OBJC_MSGSEND = YES;
				GCC_C_LANGUAGE_STANDARD = gnu99;
				GCC_NO_COMMON_BLOCKS = YES;
				GCC_WARN_64_TO_32_BIT_CONVERSION = YES;
				GCC_WARN_ABOUT_RETURN_TYPE = YES_ERROR;
				GCC_WARN_UNDECLARED_SELECTOR = YES;
				GCC_WARN_UNINITIALIZED_AUTOS = YES_AGGRESSIVE;
				GCC_WARN_UNUSED_FUNCTION = YES;
				GCC_WARN_UNUSED_VARIABLE = YES;
				IPHONEOS_DEPLOYMENT_TARGET = 8.3;
				MTL_ENABLE_DEBUG_INFO = NO;
				SDKROOT = iphoneos;
				SWIFT_OPTIMIZATION_LEVEL = "-Owholemodule";
				VALIDATE_PRODUCT = YES;
			};
			name = Release;
		};
		97EBEE691B027B830055F957 /* Debug */ = {
			isa = XCBuildConfiguration;
			buildSettings = {
				ASSETCATALOG_COMPILER_APPICON_NAME = AppIcon;
				DEVELOPMENT_TEAM = B29P2M257D;
				INFOPLIST_FILE = AustinWeather/Info.plist;
				LD_RUNPATH_SEARCH_PATHS = "$(inherited) @executable_path/Frameworks";
				PRODUCT_BUNDLE_IDENTIFIER = tech.brandonmahoney.AustinWeather;
				PRODUCT_NAME = AustinWeather;
				SWIFT_VERSION = 3.0;
			};
			name = Debug;
		};
		97EBEE6A1B027B830055F957 /* Release */ = {
			isa = XCBuildConfiguration;
			buildSettings = {
				ASSETCATALOG_COMPILER_APPICON_NAME = AppIcon;
				DEVELOPMENT_TEAM = B29P2M257D;
				INFOPLIST_FILE = AustinWeather/Info.plist;
				LD_RUNPATH_SEARCH_PATHS = "$(inherited) @executable_path/Frameworks";
				PRODUCT_BUNDLE_IDENTIFIER = tech.brandonmahoney.AustinWeather;
				PRODUCT_NAME = AustinWeather;
				SWIFT_VERSION = 3.0;
			};
			name = Release;
		};
		97EBEE6C1B027B830055F957 /* Debug */ = {
			isa = XCBuildConfiguration;
			buildSettings = {
				BUNDLE_LOADER = "$(TEST_HOST)";
				CLANG_ENABLE_MODULES = YES;
				FRAMEWORK_SEARCH_PATHS = (
					"$(SDKROOT)/Developer/Library/Frameworks",
					"$(inherited)",
				);
				GCC_PREPROCESSOR_DEFINITIONS = (
					"DEBUG=1",
					"$(inherited)",
				);
				INFOPLIST_FILE = StormyTests/Info.plist;
				LD_RUNPATH_SEARCH_PATHS = "$(inherited) @executable_path/Frameworks @loader_path/Frameworks";
				PRODUCT_BUNDLE_IDENTIFIER = "com.teamtreehouse.$(PRODUCT_NAME:rfc1034identifier)";
				PRODUCT_NAME = AustinWeather;
				SWIFT_OPTIMIZATION_LEVEL = "-Onone";
				SWIFT_VERSION = 3.0;
				TEST_HOST = "$(BUILT_PRODUCTS_DIR)/AustinWeather.app/AustinWeather";
			};
			name = Debug;
		};
		97EBEE6D1B027B830055F957 /* Release */ = {
			isa = XCBuildConfiguration;
			buildSettings = {
				BUNDLE_LOADER = "$(TEST_HOST)";
				CLANG_ENABLE_MODULES = YES;
				FRAMEWORK_SEARCH_PATHS = (
					"$(SDKROOT)/Developer/Library/Frameworks",
					"$(inherited)",
				);
				INFOPLIST_FILE = StormyTests/Info.plist;
				LD_RUNPATH_SEARCH_PATHS = "$(inherited) @executable_path/Frameworks @loader_path/Frameworks";
				PRODUCT_BUNDLE_IDENTIFIER = "com.teamtreehouse.$(PRODUCT_NAME:rfc1034identifier)";
				PRODUCT_NAME = AustinWeather;
				SWIFT_VERSION = 3.0;
				TEST_HOST = "$(BUILT_PRODUCTS_DIR)/AustinWeather.app/AustinWeather";
			};
			name = Release;
		};
/* End XCBuildConfiguration section */

/* Begin XCConfigurationList section */
		97EBEE441B027B820055F957 /* Build configuration list for PBXProject "AustinWeather" */ = {
			isa = XCConfigurationList;
			buildConfigurations = (
				97EBEE661B027B830055F957 /* Debug */,
				97EBEE671B027B830055F957 /* Release */,
			);
			defaultConfigurationIsVisible = 0;
			defaultConfigurationName = Release;
		};
		97EBEE681B027B830055F957 /* Build configuration list for PBXNativeTarget "AustinWeather" */ = {
			isa = XCConfigurationList;
			buildConfigurations = (
				97EBEE691B027B830055F957 /* Debug */,
				97EBEE6A1B027B830055F957 /* Release */,
			);
			defaultConfigurationIsVisible = 0;
			defaultConfigurationName = Release;
		};
		97EBEE6B1B027B830055F957 /* Build configuration list for PBXNativeTarget "AustinWeatherTests" */ = {
			isa = XCConfigurationList;
			buildConfigurations = (
				97EBEE6C1B027B830055F957 /* Debug */,
				97EBEE6D1B027B830055F957 /* Release */,
			);
			defaultConfigurationIsVisible = 0;
			defaultConfigurationName = Release;
		};
/* End XCConfigurationList section */
	};
	rootObject = 97EBEE411B027B820055F957 /* Project object */;
}
